Microsoft Visual Studio Solution File, Format Version 12.00
# Visual Studio Version 17
VisualStudioVersion = 17.5.2.0
MinimumVisualStudioVersion = 10.0.40219.1
Project("{FAE04EC0-301F-11D3-BF4B-00C04F79EFBC}") = "NeoCask", "NeoCask.csproj", "{DFE49C09-DD0F-8A83-FA1A-EBDF8BBDE2C4}"
EndProject
Global
	GlobalSection(SolutionConfigurationPlatforms) = preSolution
		Debug|Any CPU = Debug|Any CPU
		Release|Any CPU = Release|Any CPU
	EndGlobalSection
	GlobalSection(ProjectConfigurationPlatforms) = postSolution
		{DFE49C09-DD0F-8A83-FA1A-EBDF8BBDE2C4}.Debug|Any CPU.ActiveCfg = Debug|Any CPU
		{DFE49C09-DD0F-8A83-FA1A-EBDF8BBDE2C4}.Debug|Any CPU.Build.0 = Debug|Any CPU
		{DFE49C09-DD0F-8A83-FA1A-EBDF8BBDE2C4}.Release|Any CPU.ActiveCfg = Release|Any CPU
		{DFE49C09-DD0F-8A83-FA1A-EBDF8BBDE2C4}.Release|Any CPU.Build.0 = Release|Any CPU
	EndGlobalSection
	GlobalSection(SolutionProperties) = preSolution
		HideSolutionNode = FALSE
	EndGlobalSection
	GlobalSection(ExtensibilityGlobals) = postSolution
		SolutionGuid = {02B59B6B-8C8F-421D-A914-7F9B114D374F}
	EndGlobalSection
EndGlobal
